
Microsoft Visual Studio Solution File, Format Version 12.00
# Visual Studio Version 17
VisualStudioVersion = 17.8.34511.84
MinimumVisualStudioVersion = 10.0.40219.1
Project("{FAE04EC0-301F-11D3-BF4B-00C04F79EFBC}") = "Github_React_Project_Backend_2", "Github_React_Project_Backend_2\Github_React_Project_Backend_2.csproj", "{18D4CFF7-860E-494B-869A-EA673E64619A}"
EndProject
Global
	GlobalSection(SolutionConfigurationPlatforms) = preSolution
		Debug|Any CPU = Debug|Any CPU
		Release|Any CPU = Release|Any CPU
	EndGlobalSection
	GlobalSection(ProjectConfigurationPlatforms) = postSolution
		{18D4CFF7-860E-494B-869A-EA673E64619A}.Debug|Any CPU.ActiveCfg = Debug|Any CPU
		{18D4CFF7-860E-494B-869A-EA673E64619A}.Debug|Any CPU.Build.0 = Debug|Any CPU
		{18D4CFF7-860E-494B-869A-EA673E64619A}.Release|Any CPU.ActiveCfg = Release|Any CPU
		{18D4CFF7-860E-494B-869A-EA673E64619A}.Release|Any CPU.Build.0 = Release|Any CPU
	EndGlobalSection
	GlobalSection(SolutionProperties) = preSolution
		HideSolutionNode = FALSE
	EndGlobalSection
	GlobalSection(ExtensibilityGlobals) = postSolution
		SolutionGuid = {34021539-713A-4CFE-A794-E468F9E09637}
	EndGlobalSection
EndGlobal
